{
  "object": {
    "pins": [
      {
        "package": "ActivityIndicatorView",
        "repositoryURL": "https://github.com/exyte/ActivityIndicatorView.git",
        "state": {
          "branch": null,
          "revision": "ad484c6e645c41eb298e48f663ac1ed76aedde00",
          "version": "0.0.6"
        }
      }
    ]
  },
  "version": 1
}
